
Microsoft Visual Studio Solution File, Format Version 11.00
# Visual Studio 2010
Project("{FAE04EC0-301F-11D3-BF4B-00C04F79EFBC}") = "ReflectionTest", "ReflectionTest\ReflectionTest.csproj", "{1373CCD5-8187-4DBD-B714-2BFE78AA24FF}"
EndProject
Project("{FAE04EC0-301F-11D3-BF4B-00C04F79EFBC}") = "NETReflect", "NETReflect\NETReflect.csproj", "{681D3890-33D6-4ABE-A987-EA9415A946CD}"
EndProject
Project("{2150E333-8FDC-42A3-9474-1A3956D46DE8}") = "Solution Items", "Solution Items", "{6C676B4D-11A5-4BD6-98E4-7A5DED71E244}"
	ProjectSection(SolutionItems) = preProject
		IComponent.cs = IComponent.cs
	EndProjectSection
EndProject
Global
	GlobalSection(SolutionConfigurationPlatforms) = preSolution
		Debug|Any CPU = Debug|Any CPU
		Debug|Mixed Platforms = Debug|Mixed Platforms
		Debug|x86 = Debug|x86
		Release|Any CPU = Release|Any CPU
		Release|Mixed Platforms = Release|Mixed Platforms
		Release|x86 = Release|x86
	EndGlobalSection
	GlobalSection(ProjectConfigurationPlatforms) = postSolution
		{1373CCD5-8187-4DBD-B714-2BFE78AA24FF}.Debug|Any CPU.ActiveCfg = Debug|x86
		{1373CCD5-8187-4DBD-B714-2BFE78AA24FF}.Debug|Mixed Platforms.ActiveCfg = Debug|x86
		{1373CCD5-8187-4DBD-B714-2BFE78AA24FF}.Debug|Mixed Platforms.Build.0 = Debug|x86
		{1373CCD5-8187-4DBD-B714-2BFE78AA24FF}.Debug|x86.ActiveCfg = Debug|x86
		{1373CCD5-8187-4DBD-B714-2BFE78AA24FF}.Debug|x86.Build.0 = Debug|x86
		{1373CCD5-8187-4DBD-B714-2BFE78AA24FF}.Release|Any CPU.ActiveCfg = Release|x86
		{1373CCD5-8187-4DBD-B714-2BFE78AA24FF}.Release|Mixed Platforms.ActiveCfg = Release|x86
		{1373CCD5-8187-4DBD-B714-2BFE78AA24FF}.Release|Mixed Platforms.Build.0 = Release|x86
		{1373CCD5-8187-4DBD-B714-2BFE78AA24FF}.Release|x86.ActiveCfg = Release|x86
		{1373CCD5-8187-4DBD-B714-2BFE78AA24FF}.Release|x86.Build.0 = Release|x86
		{681D3890-33D6-4ABE-A987-EA9415A946CD}.Debug|Any CPU.ActiveCfg = Debug|Any CPU
		{681D3890-33D6-4ABE-A987-EA9415A946CD}.Debug|Any CPU.Build.0 = Debug|Any CPU
		{681D3890-33D6-4ABE-A987-EA9415A946CD}.Debug|Mixed Platforms.ActiveCfg = Debug|Any CPU
		{681D3890-33D6-4ABE-A987-EA9415A946CD}.Debug|Mixed Platforms.Build.0 = Debug|Any CPU
		{681D3890-33D6-4ABE-A987-EA9415A946CD}.Debug|x86.ActiveCfg = Debug|Any CPU
		{681D3890-33D6-4ABE-A987-EA9415A946CD}.Release|Any CPU.ActiveCfg = Release|Any CPU
		{681D3890-33D6-4ABE-A987-EA9415A946CD}.Release|Any CPU.Build.0 = Release|Any CPU
		{681D3890-33D6-4ABE-A987-EA9415A946CD}.Release|Mixed Platforms.ActiveCfg = Release|Any CPU
		{681D3890-33D6-4ABE-A987-EA9415A946CD}.Release|Mixed Platforms.Build.0 = Release|Any CPU
		{681D3890-33D6-4ABE-A987-EA9415A946CD}.Release|x86.ActiveCfg = Release|Any CPU
	EndGlobalSection
	GlobalSection(SolutionProperties) = preSolution
		HideSolutionNode = FALSE
	EndGlobalSection
EndGlobal
